
Microsoft Visual Studio Solution File, Format Version 12.00
# Visual Studio Version 16
VisualStudioVersion = 16.0.29424.173
MinimumVisualStudioVersion = 10.0.40219.1
Project("{FAE04EC0-301F-11D3-BF4B-00C04F79EFBC}") = "projFilaAcesso", "projFilaAcesso\projFilaAcesso.csproj", "{64DA696D-3E86-4246-96B7-17F359A7C77A}"
EndProject
Global
	GlobalSection(SolutionConfigurationPlatforms) = preSolution
		Debug|Any CPU = Debug|Any CPU
		Release|Any CPU = Release|Any CPU
	EndGlobalSection
	GlobalSection(ProjectConfigurationPlatforms) = postSolution
		{64DA696D-3E86-4246-96B7-17F359A7C77A}.Debug|Any CPU.ActiveCfg = Debug|Any CPU
		{64DA696D-3E86-4246-96B7-17F359A7C77A}.Debug|Any CPU.Build.0 = Debug|Any CPU
		{64DA696D-3E86-4246-96B7-17F359A7C77A}.Release|Any CPU.ActiveCfg = Release|Any CPU
		{64DA696D-3E86-4246-96B7-17F359A7C77A}.Release|Any CPU.Build.0 = Release|Any CPU
	EndGlobalSection
	GlobalSection(SolutionProperties) = preSolution
		HideSolutionNode = FALSE
	EndGlobalSection
	GlobalSection(ExtensibilityGlobals) = postSolution
		SolutionGuid = {79CFCFEE-D810-4DDD-9CDE-3E5F3E553332}
	EndGlobalSection
EndGlobal
